{
  "name": "vinea-build",
  "version": "1.0.0",
  "lockfileVersion": 3,
  "requires": true,
  "packages": {
    "": {
      "name": "vinea-build",
      "version": "1.0.0",
      "dependencies": {
        "highlight.js": "11.12.0",
        "marked": "18.0.11"
      },
      "engines": {
        "node": ">=20"
      }
    },
    "node_modules/highlight.js": {
      "version": "11.12.0",
      "license": "BSD-3-Clause",
      "engines": {
        "node": ">=12.0.0"
      }
    },
    "node_modules/marked": {
      "version": "18.0.11",
      "license": "MIT",
      "bin": {
        "marked": "bin/marked.js"
      },
      "engines": {
        "node": ">= 20"
      }
    }
  }
}
